
Microsoft Visual Studio Solution File, Format Version 12.00
# Visual Studio 15
VisualStudioVersion = 15.0.26228.12
MinimumVisualStudioVersion = 10.0.40219.1
Project("{9A19103F-16F7-4668-BE54-9A1E7A4F7556}") = "NGrammer", "NGramCategorisation\NGrammer.csproj", "{54089877-A2F6-4A24-850A-25C67ABF726F}"
EndProject
Project("{2150E333-8FDC-42A3-9474-1A3956D46DE8}") = "Solution Items", "Solution Items", "{87C4994C-B4BF-423F-935B-D3FAD009289D}"
	ProjectSection(SolutionItems) = preProject
		README.md = README.md
	EndProjectSection
EndProject
Project("{FAE04EC0-301F-11D3-BF4B-00C04F79EFBC}") = "NGramXunitTests", "NGramXunitTests\NGramXunitTests.csproj", "{0F252AAD-B988-4483-A156-E5180E4628FB}"
EndProject
Global
	GlobalSection(SolutionConfigurationPlatforms) = preSolution
		Debug|Any CPU = Debug|Any CPU
		Release|Any CPU = Release|Any CPU
	EndGlobalSection
	GlobalSection(ProjectConfigurationPlatforms) = postSolution
		{54089877-A2F6-4A24-850A-25C67ABF726F}.Debug|Any CPU.ActiveCfg = Debug|Any CPU
		{54089877-A2F6-4A24-850A-25C67ABF726F}.Debug|Any CPU.Build.0 = Debug|Any CPU
		{54089877-A2F6-4A24-850A-25C67ABF726F}.Release|Any CPU.ActiveCfg = Release|Any CPU
		{54089877-A2F6-4A24-850A-25C67ABF726F}.Release|Any CPU.Build.0 = Release|Any CPU
		{0F252AAD-B988-4483-A156-E5180E4628FB}.Debug|Any CPU.ActiveCfg = Debug|Any CPU
		{0F252AAD-B988-4483-A156-E5180E4628FB}.Debug|Any CPU.Build.0 = Debug|Any CPU
		{0F252AAD-B988-4483-A156-E5180E4628FB}.Release|Any CPU.ActiveCfg = Release|Any CPU
		{0F252AAD-B988-4483-A156-E5180E4628FB}.Release|Any CPU.Build.0 = Release|Any CPU
	EndGlobalSection
	GlobalSection(SolutionProperties) = preSolution
		HideSolutionNode = FALSE
	EndGlobalSection
	GlobalSection(ExtensibilityGlobals) = postSolution
		SolutionGuid = {89CAC263-9AD0-42FC-9656-1F5EC6770686}
	EndGlobalSection
EndGlobal
